<?xml version="1.0" encoding="UTF-8"?>
<Solution>
	<Configurations>
		<BuildType Name="Debug"/>
		<BuildType Name="Release"/>
		<BuildType Name="MinSizeRel"/>
		<BuildType Name="RelWithDebInfo"/>
		<Platform Name="x64"/>
	</Configurations>
	<Project Path="ALL_BUILD.vcxproj" Type="8bc9ceb8-8b4a-11d0-8d11-00a0c91bc942" Id="c5fef78d-a91f-3460-898a-8005bab50481" DefaultStartup="true">
		<BuildDependency Project="ZERO_CHECK.vcxproj"/>
		<BuildDependency Project="_cpp_pymatching.vcxproj"/>
		<BuildDependency Project="_deps/googletest-build/googlemock/gmock.vcxproj"/>
		<BuildDependency Project="_deps/googletest-build/googlemock/gmock_main.vcxproj"/>
		<BuildDependency Project="_deps/googletest-build/googletest/gtest.vcxproj"/>
		<BuildDependency Project="_deps/googletest-build/googletest/gtest_main.vcxproj"/>
		<BuildDependency Project="libpymatching.vcxproj"/>
		<BuildDependency Project="_deps/stim-build/libstim.vcxproj"/>
		<BuildDependency Project="pymatching.vcxproj"/>
		<BuildDependency Project="pymatching_perf.vcxproj"/>
		<BuildDependency Project="pymatching_tests.vcxproj"/>
		<BuildDependency Project="_deps/stim-build/stim.vcxproj"/>
		<BuildDependency Project="_deps/stim-build/stim_perf.vcxproj"/>
	</Project>
	<Project Path="INSTALL.vcxproj" Type="8bc9ceb8-8b4a-11d0-8d11-00a0c91bc942" Id="a2298a20-67de-34a4-af19-ce6c55c9b1f6">
		<BuildDependency Project="ALL_BUILD.vcxproj"/>
		<BuildDependency Project="ZERO_CHECK.vcxproj"/>
		<Build Solution="Debug|*" Project="false"/>
		<Build Solution="Release|*" Project="false"/>
		<Build Solution="MinSizeRel|*" Project="false"/>
		<Build Solution="RelWithDebInfo|*" Project="false"/>
	</Project>
	<Project Path="RUN_TESTS.vcxproj" Type="8bc9ceb8-8b4a-11d0-8d11-00a0c91bc942" Id="4f2cc210-2064-3652-b3f4-d0408d492bb5">
		<BuildDependency Project="ZERO_CHECK.vcxproj"/>
		<Build Solution="Debug|*" Project="false"/>
		<Build Solution="Release|*" Project="false"/>
		<Build Solution="MinSizeRel|*" Project="false"/>
		<Build Solution="RelWithDebInfo|*" Project="false"/>
	</Project>
	<Project Path="ZERO_CHECK.vcxproj" Type="8bc9ceb8-8b4a-11d0-8d11-00a0c91bc942" Id="8e1a676f-567d-3a98-a505-92196e9e05d8"/>
	<Project Path="_cpp_pymatching.vcxproj" Type="8bc9ceb8-8b4a-11d0-8d11-00a0c91bc942" Id="8c28a63a-41c2-336f-8e0a-08d954e2c493">
		<BuildDependency Project="ZERO_CHECK.vcxproj"/>
		<BuildDependency Project="_deps/stim-build/libstim.vcxproj"/>
	</Project>
	<Project Path="_deps/googletest-build/googlemock/gmock.vcxproj" Type="8bc9ceb8-8b4a-11d0-8d11-00a0c91bc942" Id="a9c70708-219b-32ca-bb46-a1172ef0307c">
		<BuildDependency Project="ZERO_CHECK.vcxproj"/>
	</Project>
	<Project Path="_deps/googletest-build/googlemock/gmock_main.vcxproj" Type="8bc9ceb8-8b4a-11d0-8d11-00a0c91bc942" Id="c4cee841-39af-3eb7-abaa-8bee37df1d2a">
		<BuildDependency Project="ZERO_CHECK.vcxproj"/>
	</Project>
	<Project Path="_deps/googletest-build/googletest/gtest.vcxproj" Type="8bc9ceb8-8b4a-11d0-8d11-00a0c91bc942" Id="65137d95-e051-314f-8b9e-bcc24bb398c0">
		<BuildDependency Project="ZERO_CHECK.vcxproj"/>
	</Project>
	<Project Path="_deps/googletest-build/googletest/gtest_main.vcxproj" Type="8bc9ceb8-8b4a-11d0-8d11-00a0c91bc942" Id="e9beba21-085c-3706-9c6b-afea2bddbca1">
		<BuildDependency Project="ZERO_CHECK.vcxproj"/>
		<BuildDependency Project="_deps/googletest-build/googletest/gtest.vcxproj"/>
	</Project>
	<Project Path="libpymatching.vcxproj" Type="8bc9ceb8-8b4a-11d0-8d11-00a0c91bc942" Id="093cbf78-3ade-3a07-83e4-a20060196e4d">
		<BuildDependency Project="ZERO_CHECK.vcxproj"/>
		<BuildDependency Project="_deps/stim-build/libstim.vcxproj"/>
	</Project>
	<Project Path="_deps/stim-build/libstim.vcxproj" Type="8bc9ceb8-8b4a-11d0-8d11-00a0c91bc942" Id="e3617568-6974-30a4-8797-9b078489f139">
		<BuildDependency Project="ZERO_CHECK.vcxproj"/>
	</Project>
	<Project Path="pymatching.vcxproj" Type="8bc9ceb8-8b4a-11d0-8d11-00a0c91bc942" Id="59e2fa65-12f0-32ae-8899-0e8a5707dec9">
		<BuildDependency Project="ZERO_CHECK.vcxproj"/>
		<BuildDependency Project="_deps/stim-build/libstim.vcxproj"/>
	</Project>
	<Project Path="pymatching_perf.vcxproj" Type="8bc9ceb8-8b4a-11d0-8d11-00a0c91bc942" Id="f3bcf54e-c14a-37fc-a897-198148320bef">
		<BuildDependency Project="ZERO_CHECK.vcxproj"/>
		<BuildDependency Project="_deps/stim-build/libstim.vcxproj"/>
	</Project>
	<Project Path="pymatching_tests.vcxproj" Type="8bc9ceb8-8b4a-11d0-8d11-00a0c91bc942" Id="cc2233b8-efb0-3d58-a8ca-7dab40880ca4">
		<BuildDependency Project="ZERO_CHECK.vcxproj"/>
		<BuildDependency Project="_deps/googletest-build/googlemock/gmock_main.vcxproj"/>
		<BuildDependency Project="_deps/googletest-build/googletest/gtest.vcxproj"/>
		<BuildDependency Project="_deps/googletest-build/googletest/gtest_main.vcxproj"/>
		<BuildDependency Project="_deps/stim-build/libstim.vcxproj"/>
	</Project>
	<Project Path="_deps/stim-build/stim.vcxproj" Type="8bc9ceb8-8b4a-11d0-8d11-00a0c91bc942" Id="14cd06cb-d832-3c3c-b9aa-f0f1384a37f8">
		<BuildDependency Project="ZERO_CHECK.vcxproj"/>
	</Project>
	<Project Path="_deps/stim-build/stim_perf.vcxproj" Type="8bc9ceb8-8b4a-11d0-8d11-00a0c91bc942" Id="5d4a7294-1ec8-3ce2-9f4a-e9fd8f93124e">
		<BuildDependency Project="ZERO_CHECK.vcxproj"/>
	</Project>
</Solution>
